
Microsoft Visual Studio Solution File, Format Version 12.00
# Visual Studio Version 16
VisualStudioVersion = 16.0.30011.22
MinimumVisualStudioVersion = 10.0.40219.1
Project("{FAE04EC0-301F-11D3-BF4B-00C04F79EFBC}") = "SebraeMVP", "SebraeMVP\SebraeMVP.csproj", "{9DAB437B-39E4-4A24-8364-D1A10B8FF4A8}"
EndProject
Global
	GlobalSection(SolutionConfigurationPlatforms) = preSolution
		Debug|Any CPU = Debug|Any CPU
		Release|Any CPU = Release|Any CPU
	EndGlobalSection
	GlobalSection(ProjectConfigurationPlatforms) = postSolution
		{9DAB437B-39E4-4A24-8364-D1A10B8FF4A8}.Debug|Any CPU.ActiveCfg = Debug|Any CPU
		{9DAB437B-39E4-4A24-8364-D1A10B8FF4A8}.Debug|Any CPU.Build.0 = Debug|Any CPU
		{9DAB437B-39E4-4A24-8364-D1A10B8FF4A8}.Release|Any CPU.ActiveCfg = Release|Any CPU
		{9DAB437B-39E4-4A24-8364-D1A10B8FF4A8}.Release|Any CPU.Build.0 = Release|Any CPU
		{DD137248-6EE0-45CE-B2FF-404E888987F8}.Debug|Any CPU.ActiveCfg = Debug|Any CPU
		{DD137248-6EE0-45CE-B2FF-404E888987F8}.Debug|Any CPU.Build.0 = Debug|Any CPU
		{DD137248-6EE0-45CE-B2FF-404E888987F8}.Release|Any CPU.ActiveCfg = Release|Any CPU
		{DD137248-6EE0-45CE-B2FF-404E888987F8}.Release|Any CPU.Build.0 = Release|Any CPU
	EndGlobalSection
	GlobalSection(SolutionProperties) = preSolution
		HideSolutionNode = FALSE
	EndGlobalSection
	GlobalSection(ExtensibilityGlobals) = postSolution
		SolutionGuid = {DCDFE0C7-380D-4FCA-B44C-028559A68F88}
	EndGlobalSection
EndGlobal
